Microsoft Visual Studio Solution File, Format Version 12.00
# Visual Studio Version 17
VisualStudioVersion = 17.5.2.0
MinimumVisualStudioVersion = 10.0.40219.1
Project("{FAE04EC0-301F-11D3-BF4B-00C04F79EFBC}") = "ValidadorVIES", "ValidadorVIES.csproj", "{98E34711-34AE-AE54-278E-DA8942A63E9A}"
EndProject
Global
	GlobalSection(SolutionConfigurationPlatforms) = preSolution
		Debug|Any CPU = Debug|Any CPU
		Release|Any CPU = Release|Any CPU
	EndGlobalSection
	GlobalSection(ProjectConfigurationPlatforms) = postSolution
		{98E34711-34AE-AE54-278E-DA8942A63E9A}.Debug|Any CPU.ActiveCfg = Debug|Any CPU
		{98E34711-34AE-AE54-278E-DA8942A63E9A}.Debug|Any CPU.Build.0 = Debug|Any CPU
		{98E34711-34AE-AE54-278E-DA8942A63E9A}.Release|Any CPU.ActiveCfg = Release|Any CPU
		{98E34711-34AE-AE54-278E-DA8942A63E9A}.Release|Any CPU.Build.0 = Release|Any CPU
	EndGlobalSection
	GlobalSection(SolutionProperties) = preSolution
		HideSolutionNode = FALSE
	EndGlobalSection
	GlobalSection(ExtensibilityGlobals) = postSolution
		SolutionGuid = {9CC0B54F-DF67-45FF-ADD6-24DC6B7D26D1}
	EndGlobalSection
EndGlobal
